
Microsoft Visual Studio Solution File, Format Version 12.00
# Visual Studio 14
VisualStudioVersion = 14.0.25420.1
MinimumVisualStudioVersion = 10.0.40219.1
Project("{8BC9CEB8-8B4A-11D0-8D11-00A0C91BC942}") = "polar_1", "CPP_Assignment2\CPP_Assignment2.vcxproj", "{3880C567-6CC8-4226-87A2-1CE07CCB5904}"
EndProject
Project("{8BC9CEB8-8B4A-11D0-8D11-00A0C91BC942}") = "Student_2", "Student_2\Student_2.vcxproj", "{D06255DE-8732-45E9-81AB-138E6539B102}"
EndProject
Project("{8BC9CEB8-8B4A-11D0-8D11-00A0C91BC942}") = "complex_4", "complex_4\complex_4.vcxproj", "{CF6B90C5-CA3A-42AE-8720-0F6DE79A7109}"
EndProject
Project("{8BC9CEB8-8B4A-11D0-8D11-00A0C91BC942}") = "string_5", "string_5\string_5.vcxproj", "{171365B8-3CEF-4F22-A651-191EC4698FD9}"
EndProject
Project("{8BC9CEB8-8B4A-11D0-8D11-00A0C91BC942}") = "Employee_3", "Employee_3\Employee_3.vcxproj", "{09F2B742-22AA-45D6-923D-8B1A43A1603E}"
EndProject
Global
	GlobalSection(SolutionConfigurationPlatforms) = preSolution
		Debug|x64 = Debug|x64
		Debug|x86 = Debug|x86
		Release|x64 = Release|x64
		Release|x86 = Release|x86
	EndGlobalSection
	GlobalSection(ProjectConfigurationPlatforms) = postSolution
		{3880C567-6CC8-4226-87A2-1CE07CCB5904}.Debug|x64.ActiveCfg = Debug|x64
		{3880C567-6CC8-4226-87A2-1CE07CCB5904}.Debug|x64.Build.0 = Debug|x64
		{3880C567-6CC8-4226-87A2-1CE07CCB5904}.Debug|x86.ActiveCfg = Debug|Win32
		{3880C567-6CC8-4226-87A2-1CE07CCB5904}.Debug|x86.Build.0 = Debug|Win32
		{3880C567-6CC8-4226-87A2-1CE07CCB5904}.Release|x64.ActiveCfg = Release|x64
		{3880C567-6CC8-4226-87A2-1CE07CCB5904}.Release|x64.Build.0 = Release|x64
		{3880C567-6CC8-4226-87A2-1CE07CCB5904}.Release|x86.ActiveCfg = Release|Win32
		{3880C567-6CC8-4226-87A2-1CE07CCB5904}.Release|x86.Build.0 = Release|Win32
		{D06255DE-8732-45E9-81AB-138E6539B102}.Debug|x64.ActiveCfg = Debug|x64
		{D06255DE-8732-45E9-81AB-138E6539B102}.Debug|x64.Build.0 = Debug|x64
		{D06255DE-8732-45E9-81AB-138E6539B102}.Debug|x86.ActiveCfg = Debug|Win32
		{D06255DE-8732-45E9-81AB-138E6539B102}.Debug|x86.Build.0 = Debug|Win32
		{D06255DE-8732-45E9-81AB-138E6539B102}.Release|x64.ActiveCfg = Release|x64
		{D06255DE-8732-45E9-81AB-138E6539B102}.Release|x64.Build.0 = Release|x64
		{D06255DE-8732-45E9-81AB-138E6539B102}.Release|x86.ActiveCfg = Release|Win32
		{D06255DE-8732-45E9-81AB-138E6539B102}.Release|x86.Build.0 = Release|Win32
		{CF6B90C5-CA3A-42AE-8720-0F6DE79A7109}.Debug|x64.ActiveCfg = Debug|x64
		{CF6B90C5-CA3A-42AE-8720-0F6DE79A7109}.Debug|x64.Build.0 = Debug|x64
		{CF6B90C5-CA3A-42AE-8720-0F6DE79A7109}.Debug|x86.ActiveCfg = Debug|Win32
		{CF6B90C5-CA3A-42AE-8720-0F6DE79A7109}.Debug|x86.Build.0 = Debug|Win32
		{CF6B90C5-CA3A-42AE-8720-0F6DE79A7109}.Release|x64.ActiveCfg = Release|x64
		{CF6B90C5-CA3A-42AE-8720-0F6DE79A7109}.Release|x64.Build.0 = Release|x64
		{CF6B90C5-CA3A-42AE-8720-0F6DE79A7109}.Release|x86.ActiveCfg = Release|Win32
		{CF6B90C5-CA3A-42AE-8720-0F6DE79A7109}.Release|x86.Build.0 = Release|Win32
		{171365B8-3CEF-4F22-A651-191EC4698FD9}.Debug|x64.ActiveCfg = Debug|x64
		{171365B8-3CEF-4F22-A651-191EC4698FD9}.Debug|x64.Build.0 = Debug|x64
		{171365B8-3CEF-4F22-A651-191EC4698FD9}.Debug|x86.ActiveCfg = Debug|Win32
		{171365B8-3CEF-4F22-A651-191EC4698FD9}.Debug|x86.Build.0 = Debug|Win32
		{171365B8-3CEF-4F22-A651-191EC4698FD9}.Release|x64.ActiveCfg = Release|x64
		{171365B8-3CEF-4F22-A651-191EC4698FD9}.Release|x64.Build.0 = Release|x64
		{171365B8-3CEF-4F22-A651-191EC4698FD9}.Release|x86.ActiveCfg = Release|Win32
		{171365B8-3CEF-4F22-A651-191EC4698FD9}.Release|x86.Build.0 = Release|Win32
		{09F2B742-22AA-45D6-923D-8B1A43A1603E}.Debug|x64.ActiveCfg = Debug|x64
		{09F2B742-22AA-45D6-923D-8B1A43A1603E}.Debug|x64.Build.0 = Debug|x64
		{09F2B742-22AA-45D6-923D-8B1A43A1603E}.Debug|x86.ActiveCfg = Debug|Win32
		{09F2B742-22AA-45D6-923D-8B1A43A1603E}.Debug|x86.Build.0 = Debug|Win32
		{09F2B742-22AA-45D6-923D-8B1A43A1603E}.Release|x64.ActiveCfg = Release|x64
		{09F2B742-22AA-45D6-923D-8B1A43A1603E}.Release|x64.Build.0 = Release|x64
		{09F2B742-22AA-45D6-923D-8B1A43A1603E}.Release|x86.ActiveCfg = Release|Win32
		{09F2B742-22AA-45D6-923D-8B1A43A1603E}.Release|x86.Build.0 = Release|Win32
	EndGlobalSection
	GlobalSection(SolutionProperties) = preSolution
		HideSolutionNode = FALSE
	EndGlobalSection
EndGlobal
