
Microsoft Visual Studio Solution File, Format Version 12.00
# Visual Studio 14
VisualStudioVersion = 14.0.25420.1
MinimumVisualStudioVersion = 10.0.40219.1
Project("{8BC9CEB8-8B4A-11D0-8D11-00A0C91BC942}") = "stack", "DS_Assignment1\DS_Assignment1.vcxproj", "{576F17FA-74BF-4015-ADD3-A54633368FE0}"
EndProject
Project("{8BC9CEB8-8B4A-11D0-8D11-00A0C91BC942}") = "Balancing_2", "Balancing_2\Balancing_2.vcxproj", "{39614C90-70B2-4669-AF95-71D0D097CFB0}"
EndProject
Project("{8BC9CEB8-8B4A-11D0-8D11-00A0C91BC942}") = "Infix_to_Postfix", "Infix_to_Postfix\Infix_to_Postfix.vcxproj", "{10F1AD83-B14D-4A43-9827-35CD789BE6B5}"
EndProject
Project("{8BC9CEB8-8B4A-11D0-8D11-00A0C91BC942}") = "Postfix_Evaluation", "Postfix_Evaluation\Postfix_Evaluation.vcxproj", "{52A93EB0-E6D9-4D1E-8164-93D839F1CD65}"
EndProject
Project("{8BC9CEB8-8B4A-11D0-8D11-00A0C91BC942}") = "Queue", "Queue\Queue.vcxproj", "{6F1A3280-5C46-4211-82EC-4C28773529F5}"
EndProject
Project("{8BC9CEB8-8B4A-11D0-8D11-00A0C91BC942}") = "Single_linked_list", "Single_linked_list\Single_linked_list.vcxproj", "{C59B4F73-40FC-4901-8BD3-CBBF91294F87}"
EndProject
Project("{8BC9CEB8-8B4A-11D0-8D11-00A0C91BC942}") = "Circular_queue", "Circular_queue\Circular_queue.vcxproj", "{09105DA8-0A22-4419-9899-64E394D613F3}"
EndProject
Project("{8BC9CEB8-8B4A-11D0-8D11-00A0C91BC942}") = "Double_linked_list", "Double_linked_list\Double_linked_list.vcxproj", "{CC8FAEF8-F661-4373-9E05-4B604766EED1}"
EndProject
Project("{8BC9CEB8-8B4A-11D0-8D11-00A0C91BC942}") = "stack_list", "stack_list\stack_list.vcxproj", "{5820BACD-36B3-47AC-9AAE-CF9EA6B115A1}"
EndProject
Project("{8BC9CEB8-8B4A-11D0-8D11-00A0C91BC942}") = "Queue_list", "Queue_list\Queue_list.vcxproj", "{EF4BADB0-933A-435C-BA4E-B3AA8F74424B}"
EndProject
Project("{8BC9CEB8-8B4A-11D0-8D11-00A0C91BC942}") = "Adjusting_list", "Adjusting_list\Adjusting_list.vcxproj", "{ED84055F-0E1B-444C-B143-CF4FE176C4A8}"
EndProject
Project("{8BC9CEB8-8B4A-11D0-8D11-00A0C91BC942}") = "merge_list", "merge_list\merge_list.vcxproj", "{407D80CC-8E66-4B7B-96D7-EFBA522DCAA3}"
EndProject
Project("{8BC9CEB8-8B4A-11D0-8D11-00A0C91BC942}") = "Polynomial", "Polynomial\Polynomial.vcxproj", "{37233834-011B-4872-8345-99B57FD08D4C}"
EndProject
Project("{8BC9CEB8-8B4A-11D0-8D11-00A0C91BC942}") = "Infix_to_prefix", "Infix_to_prefix\Infix_to_prefix.vcxproj", "{8578F497-29D0-4A20-8E8C-151436B577E8}"
EndProject
Global
	GlobalSection(SolutionConfigurationPlatforms) = preSolution
		Debug|x64 = Debug|x64
		Debug|x86 = Debug|x86
		Release|x64 = Release|x64
		Release|x86 = Release|x86
	EndGlobalSection
	GlobalSection(ProjectConfigurationPlatforms) = postSolution
		{576F17FA-74BF-4015-ADD3-A54633368FE0}.Debug|x64.ActiveCfg = Debug|x64
		{576F17FA-74BF-4015-ADD3-A54633368FE0}.Debug|x64.Build.0 = Debug|x64
		{576F17FA-74BF-4015-ADD3-A54633368FE0}.Debug|x86.ActiveCfg = Debug|Win32
		{576F17FA-74BF-4015-ADD3-A54633368FE0}.Debug|x86.Build.0 = Debug|Win32
		{576F17FA-74BF-4015-ADD3-A54633368FE0}.Release|x64.ActiveCfg = Release|x64
		{576F17FA-74BF-4015-ADD3-A54633368FE0}.Release|x64.Build.0 = Release|x64
		{576F17FA-74BF-4015-ADD3-A54633368FE0}.Release|x86.ActiveCfg = Release|Win32
		{576F17FA-74BF-4015-ADD3-A54633368FE0}.Release|x86.Build.0 = Release|Win32
		{39614C90-70B2-4669-AF95-71D0D097CFB0}.Debug|x64.ActiveCfg = Debug|x64
		{39614C90-70B2-4669-AF95-71D0D097CFB0}.Debug|x64.Build.0 = Debug|x64
		{39614C90-70B2-4669-AF95-71D0D097CFB0}.Debug|x86.ActiveCfg = Debug|Win32
		{39614C90-70B2-4669-AF95-71D0D097CFB0}.Debug|x86.Build.0 = Debug|Win32
		{39614C90-70B2-4669-AF95-71D0D097CFB0}.Release|x64.ActiveCfg = Release|x64
		{39614C90-70B2-4669-AF95-71D0D097CFB0}.Release|x64.Build.0 = Release|x64
		{39614C90-70B2-4669-AF95-71D0D097CFB0}.Release|x86.ActiveCfg = Release|Win32
		{39614C90-70B2-4669-AF95-71D0D097CFB0}.Release|x86.Build.0 = Release|Win32
		{10F1AD83-B14D-4A43-9827-35CD789BE6B5}.Debug|x64.ActiveCfg = Debug|x64
		{10F1AD83-B14D-4A43-9827-35CD789BE6B5}.Debug|x64.Build.0 = Debug|x64
		{10F1AD83-B14D-4A43-9827-35CD789BE6B5}.Debug|x86.ActiveCfg = Debug|Win32
		{10F1AD83-B14D-4A43-9827-35CD789BE6B5}.Debug|x86.Build.0 = Debug|Win32
		{10F1AD83-B14D-4A43-9827-35CD789BE6B5}.Release|x64.ActiveCfg = Release|x64
		{10F1AD83-B14D-4A43-9827-35CD789BE6B5}.Release|x64.Build.0 = Release|x64
		{10F1AD83-B14D-4A43-9827-35CD789BE6B5}.Release|x86.ActiveCfg = Release|Win32
		{10F1AD83-B14D-4A43-9827-35CD789BE6B5}.Release|x86.Build.0 = Release|Win32
		{52A93EB0-E6D9-4D1E-8164-93D839F1CD65}.Debug|x64.ActiveCfg = Debug|x64
		{52A93EB0-E6D9-4D1E-8164-93D839F1CD65}.Debug|x64.Build.0 = Debug|x64
		{52A93EB0-E6D9-4D1E-8164-93D839F1CD65}.Debug|x86.ActiveCfg = Debug|Win32
		{52A93EB0-E6D9-4D1E-8164-93D839F1CD65}.Debug|x86.Build.0 = Debug|Win32
		{52A93EB0-E6D9-4D1E-8164-93D839F1CD65}.Release|x64.ActiveCfg = Release|x64
		{52A93EB0-E6D9-4D1E-8164-93D839F1CD65}.Release|x64.Build.0 = Release|x64
		{52A93EB0-E6D9-4D1E-8164-93D839F1CD65}.Release|x86.ActiveCfg = Release|Win32
		{52A93EB0-E6D9-4D1E-8164-93D839F1CD65}.Release|x86.Build.0 = Release|Win32
		{6F1A3280-5C46-4211-82EC-4C28773529F5}.Debug|x64.ActiveCfg = Debug|x64
		{6F1A3280-5C46-4211-82EC-4C28773529F5}.Debug|x64.Build.0 = Debug|x64
		{6F1A3280-5C46-4211-82EC-4C28773529F5}.Debug|x86.ActiveCfg = Debug|Win32
		{6F1A3280-5C46-4211-82EC-4C28773529F5}.Debug|x86.Build.0 = Debug|Win32
		{6F1A3280-5C46-4211-82EC-4C28773529F5}.Release|x64.ActiveCfg = Release|x64
		{6F1A3280-5C46-4211-82EC-4C28773529F5}.Release|x64.Build.0 = Release|x64
		{6F1A3280-5C46-4211-82EC-4C28773529F5}.Release|x86.ActiveCfg = Release|Win32
		{6F1A3280-5C46-4211-82EC-4C28773529F5}.Release|x86.Build.0 = Release|Win32
		{C59B4F73-40FC-4901-8BD3-CBBF91294F87}.Debug|x64.ActiveCfg = Debug|x64
		{C59B4F73-40FC-4901-8BD3-CBBF91294F87}.Debug|x64.Build.0 = Debug|x64
		{C59B4F73-40FC-4901-8BD3-CBBF91294F87}.Debug|x86.ActiveCfg = Debug|Win32
		{C59B4F73-40FC-4901-8BD3-CBBF91294F87}.Debug|x86.Build.0 = Debug|Win32
		{C59B4F73-40FC-4901-8BD3-CBBF91294F87}.Release|x64.ActiveCfg = Release|x64
		{C59B4F73-40FC-4901-8BD3-CBBF91294F87}.Release|x64.Build.0 = Release|x64
		{C59B4F73-40FC-4901-8BD3-CBBF91294F87}.Release|x86.ActiveCfg = Release|Win32
		{C59B4F73-40FC-4901-8BD3-CBBF91294F87}.Release|x86.Build.0 = Release|Win32
		{09105DA8-0A22-4419-9899-64E394D613F3}.Debug|x64.ActiveCfg = Debug|x64
		{09105DA8-0A22-4419-9899-64E394D613F3}.Debug|x64.Build.0 = Debug|x64
		{09105DA8-0A22-4419-9899-64E394D613F3}.Debug|x86.ActiveCfg = Debug|Win32
		{09105DA8-0A22-4419-9899-64E394D613F3}.Debug|x86.Build.0 = Debug|Win32
		{09105DA8-0A22-4419-9899-64E394D613F3}.Release|x64.ActiveCfg = Release|x64
		{09105DA8-0A22-4419-9899-64E394D613F3}.Release|x64.Build.0 = Release|x64
		{09105DA8-0A22-4419-9899-64E394D613F3}.Release|x86.ActiveCfg = Release|Win32
		{09105DA8-0A22-4419-9899-64E394D613F3}.Release|x86.Build.0 = Release|Win32
		{CC8FAEF8-F661-4373-9E05-4B604766EED1}.Debug|x64.ActiveCfg = Debug|x64
		{CC8FAEF8-F661-4373-9E05-4B604766EED1}.Debug|x64.Build.0 = Debug|x64
		{CC8FAEF8-F661-4373-9E05-4B604766EED1}.Debug|x86.ActiveCfg = Debug|Win32
		{CC8FAEF8-F661-4373-9E05-4B604766EED1}.Debug|x86.Build.0 = Debug|Win32
		{CC8FAEF8-F661-4373-9E05-4B604766EED1}.Release|x64.ActiveCfg = Release|x64
		{CC8FAEF8-F661-4373-9E05-4B604766EED1}.Release|x64.Build.0 = Release|x64
		{CC8FAEF8-F661-4373-9E05-4B604766EED1}.Release|x86.ActiveCfg = Release|Win32
		{CC8FAEF8-F661-4373-9E05-4B604766EED1}.Release|x86.Build.0 = Release|Win32
		{5820BACD-36B3-47AC-9AAE-CF9EA6B115A1}.Debug|x64.ActiveCfg = Debug|x64
		{5820BACD-36B3-47AC-9AAE-CF9EA6B115A1}.Debug|x64.Build.0 = Debug|x64
		{5820BACD-36B3-47AC-9AAE-CF9EA6B115A1}.Debug|x86.ActiveCfg = Debug|Win32
		{5820BACD-36B3-47AC-9AAE-CF9EA6B115A1}.Debug|x86.Build.0 = Debug|Win32
		{5820BACD-36B3-47AC-9AAE-CF9EA6B115A1}.Release|x64.ActiveCfg = Release|x64
		{5820BACD-36B3-47AC-9AAE-CF9EA6B115A1}.Release|x64.Build.0 = Release|x64
		{5820BACD-36B3-47AC-9AAE-CF9EA6B115A1}.Release|x86.ActiveCfg = Release|Win32
		{5820BACD-36B3-47AC-9AAE-CF9EA6B115A1}.Release|x86.Build.0 = Release|Win32
		{EF4BADB0-933A-435C-BA4E-B3AA8F74424B}.Debug|x64.ActiveCfg = Debug|x64
		{EF4BADB0-933A-435C-BA4E-B3AA8F74424B}.Debug|x64.Build.0 = Debug|x64
		{EF4BADB0-933A-435C-BA4E-B3AA8F74424B}.Debug|x86.ActiveCfg = Debug|Win32
		{EF4BADB0-933A-435C-BA4E-B3AA8F74424B}.Debug|x86.Build.0 = Debug|Win32
		{EF4BADB0-933A-435C-BA4E-B3AA8F74424B}.Release|x64.ActiveCfg = Release|x64
		{EF4BADB0-933A-435C-BA4E-B3AA8F74424B}.Release|x64.Build.0 = Release|x64
		{EF4BADB0-933A-435C-BA4E-B3AA8F74424B}.Release|x86.ActiveCfg = Release|Win32
		{EF4BADB0-933A-435C-BA4E-B3AA8F74424B}.Release|x86.Build.0 = Release|Win32
		{ED84055F-0E1B-444C-B143-CF4FE176C4A8}.Debug|x64.ActiveCfg = Debug|x64
		{ED84055F-0E1B-444C-B143-CF4FE176C4A8}.Debug|x64.Build.0 = Debug|x64
		{ED84055F-0E1B-444C-B143-CF4FE176C4A8}.Debug|x86.ActiveCfg = Debug|Win32
		{ED84055F-0E1B-444C-B143-CF4FE176C4A8}.Debug|x86.Build.0 = Debug|Win32
		{ED84055F-0E1B-444C-B143-CF4FE176C4A8}.Release|x64.ActiveCfg = Release|x64
		{ED84055F-0E1B-444C-B143-CF4FE176C4A8}.Release|x64.Build.0 = Release|x64
		{ED84055F-0E1B-444C-B143-CF4FE176C4A8}.Release|x86.ActiveCfg = Release|Win32
		{ED84055F-0E1B-444C-B143-CF4FE176C4A8}.Release|x86.Build.0 = Release|Win32
		{407D80CC-8E66-4B7B-96D7-EFBA522DCAA3}.Debug|x64.ActiveCfg = Debug|x64
		{407D80CC-8E66-4B7B-96D7-EFBA522DCAA3}.Debug|x64.Build.0 = Debug|x64
		{407D80CC-8E66-4B7B-96D7-EFBA522DCAA3}.Debug|x86.ActiveCfg = Debug|Win32
		{407D80CC-8E66-4B7B-96D7-EFBA522DCAA3}.Debug|x86.Build.0 = Debug|Win32
		{407D80CC-8E66-4B7B-96D7-EFBA522DCAA3}.Release|x64.ActiveCfg = Release|x64
		{407D80CC-8E66-4B7B-96D7-EFBA522DCAA3}.Release|x64.Build.0 = Release|x64
		{407D80CC-8E66-4B7B-96D7-EFBA522DCAA3}.Release|x86.ActiveCfg = Release|Win32
		{407D80CC-8E66-4B7B-96D7-EFBA522DCAA3}.Release|x86.Build.0 = Release|Win32
		{37233834-011B-4872-8345-99B57FD08D4C}.Debug|x64.ActiveCfg = Debug|x64
		{37233834-011B-4872-8345-99B57FD08D4C}.Debug|x64.Build.0 = Debug|x64
		{37233834-011B-4872-8345-99B57FD08D4C}.Debug|x86.ActiveCfg = Debug|Win32
		{37233834-011B-4872-8345-99B57FD08D4C}.Debug|x86.Build.0 = Debug|Win32
		{37233834-011B-4872-8345-99B57FD08D4C}.Release|x64.ActiveCfg = Release|x64
		{37233834-011B-4872-8345-99B57FD08D4C}.Release|x64.Build.0 = Release|x64
		{37233834-011B-4872-8345-99B57FD08D4C}.Release|x86.ActiveCfg = Release|Win32
		{37233834-011B-4872-8345-99B57FD08D4C}.Release|x86.Build.0 = Release|Win32
		{8578F497-29D0-4A20-8E8C-151436B577E8}.Debug|x64.ActiveCfg = Debug|x64
		{8578F497-29D0-4A20-8E8C-151436B577E8}.Debug|x64.Build.0 = Debug|x64
		{8578F497-29D0-4A20-8E8C-151436B577E8}.Debug|x86.ActiveCfg = Debug|Win32
		{8578F497-29D0-4A20-8E8C-151436B577E8}.Debug|x86.Build.0 = Debug|Win32
		{8578F497-29D0-4A20-8E8C-151436B577E8}.Release|x64.ActiveCfg = Release|x64
		{8578F497-29D0-4A20-8E8C-151436B577E8}.Release|x64.Build.0 = Release|x64
		{8578F497-29D0-4A20-8E8C-151436B577E8}.Release|x86.ActiveCfg = Release|Win32
		{8578F497-29D0-4A20-8E8C-151436B577E8}.Release|x86.Build.0 = Release|Win32
	EndGlobalSection
	GlobalSection(SolutionProperties) = preSolution
		HideSolutionNode = FALSE
	EndGlobalSection
EndGlobal
