
Microsoft Visual Studio Solution File, Format Version 12.00
# Visual Studio 14
VisualStudioVersion = 14.0.25420.1
MinimumVisualStudioVersion = 10.0.40219.1
Project("{8BC9CEB8-8B4A-11D0-8D11-00A0C91BC942}") = "Asiignment4", "Asiignment4\Asiignment4.vcxproj", "{55465FE0-5722-4D16-B1C7-CB1D7529DC10}"
EndProject
Project("{8BC9CEB8-8B4A-11D0-8D11-00A0C91BC942}") = "count_e_3", "count_e_3\count_e_3.vcxproj", "{0AA90C66-370C-4300-B16A-981CF979D50A}"
EndProject
Project("{8BC9CEB8-8B4A-11D0-8D11-00A0C91BC942}") = "replace_4", "replace_4\replace_4.vcxproj", "{9D215D92-79D7-47A4-8CC6-D6D092C582C9}"
EndProject
Project("{8BC9CEB8-8B4A-11D0-8D11-00A0C91BC942}") = "invert_the_case_5", "invert_the_case_5\invert_the_case_5.vcxproj", "{96C38FA3-3243-4C69-98F9-A58804697E5D}"
EndProject
Project("{8BC9CEB8-8B4A-11D0-8D11-00A0C91BC942}") = "reverse_string_6", "reverse_string_6\reverse_string_6.vcxproj", "{2C6CD3AE-D10E-48CC-BC9F-769E2E0D5C09}"
EndProject
Project("{8BC9CEB8-8B4A-11D0-8D11-00A0C91BC942}") = "declaration_2", "declaration_2\declaration_2.vcxproj", "{443E82EC-001E-48FC-93CF-353CDC776F26}"
EndProject
Project("{8BC9CEB8-8B4A-11D0-8D11-00A0C91BC942}") = "declaration_1", "declaration_1\declaration_1.vcxproj", "{0B7E7C1A-B8BB-4DBB-867A-D1B92060AE8F}"
EndProject
Project("{8BC9CEB8-8B4A-11D0-8D11-00A0C91BC942}") = "all_rotations_14", "all_rotations_14\all_rotations_14.vcxproj", "{058D3C5C-9A22-4C87-BA4E-2BBECAF79C7B}"
EndProject
Project("{8BC9CEB8-8B4A-11D0-8D11-00A0C91BC942}") = "delete_character_10", "delete_character_10\delete_character_10.vcxproj", "{7FFFCC63-A43E-4272-8941-3A14095A97DD}"
EndProject
Project("{8BC9CEB8-8B4A-11D0-8D11-00A0C91BC942}") = "strtok_function_11", "strtok_function_11\strtok_function_11.vcxproj", "{4EAB2C22-FBC3-4232-BA51-30C86C1687F9}"
EndProject
Project("{8BC9CEB8-8B4A-11D0-8D11-00A0C91BC942}") = "sort_2d_array_7", "sort_2d_array_7\sort_2d_array_7.vcxproj", "{15746D8C-6315-44B4-AD47-0931D36257CA}"
EndProject
Project("{8BC9CEB8-8B4A-11D0-8D11-00A0C91BC942}") = "dynamic_2d_array_8", "dynamic_2d_array_8\dynamic_2d_array_8.vcxproj", "{C8B8E159-50C0-4D12-99E8-8788D47FA25F}"
EndProject
Project("{8BC9CEB8-8B4A-11D0-8D11-00A0C91BC942}") = "sorting_string_array7", "sorting_string_array7\sorting_string_array7.vcxproj", "{82DD3634-537B-4339-A7F3-90D8ED583CB0}"
EndProject
Project("{8BC9CEB8-8B4A-11D0-8D11-00A0C91BC942}") = "deletes2", "deletes2\deletes2.vcxproj", "{AA33405D-B578-4EA4-8971-5B248350FA41}"
EndProject
Project("{8BC9CEB8-8B4A-11D0-8D11-00A0C91BC942}") = "any_charcter_9", "any_charcter_9\any_charcter_9.vcxproj", "{BC5B6C09-1844-4DC9-B0EF-C4AE48E2BF55}"
EndProject
Project("{8BC9CEB8-8B4A-11D0-8D11-00A0C91BC942}") = "string_functions_15", "string_functions_15\string_functions_15.vcxproj", "{1144EECD-EB7C-47C1-9134-1876DE9F7289}"
EndProject
Project("{8BC9CEB8-8B4A-11D0-8D11-00A0C91BC942}") = "dynamic_allocation_8", "dynamic_allocation_8\dynamic_allocation_8.vcxproj", "{5DED612B-5EC7-4809-87C7-9BD4AD07559F}"
EndProject
Project("{8BC9CEB8-8B4A-11D0-8D11-00A0C91BC942}") = "ExpandString_13", "ExpandString_13\ExpandString_13.vcxproj", "{E57BC9E2-F29E-4EBB-B3B1-29473F0E6717}"
EndProject
Project("{8BC9CEB8-8B4A-11D0-8D11-00A0C91BC942}") = "ExpandStringFormat_13", "ExpandStringFormat_13\ExpandStringFormat_13.vcxproj", "{035F8565-5B17-4F8A-BE7E-7748196BEEFB}"
EndProject
Global
	GlobalSection(SolutionConfigurationPlatforms) = preSolution
		Debug|x64 = Debug|x64
		Debug|x86 = Debug|x86
		Release|x64 = Release|x64
		Release|x86 = Release|x86
	EndGlobalSection
	GlobalSection(ProjectConfigurationPlatforms) = postSolution
		{55465FE0-5722-4D16-B1C7-CB1D7529DC10}.Debug|x64.ActiveCfg = Debug|x64
		{55465FE0-5722-4D16-B1C7-CB1D7529DC10}.Debug|x64.Build.0 = Debug|x64
		{55465FE0-5722-4D16-B1C7-CB1D7529DC10}.Debug|x86.ActiveCfg = Debug|Win32
		{55465FE0-5722-4D16-B1C7-CB1D7529DC10}.Debug|x86.Build.0 = Debug|Win32
		{55465FE0-5722-4D16-B1C7-CB1D7529DC10}.Release|x64.ActiveCfg = Release|x64
		{55465FE0-5722-4D16-B1C7-CB1D7529DC10}.Release|x64.Build.0 = Release|x64
		{55465FE0-5722-4D16-B1C7-CB1D7529DC10}.Release|x86.ActiveCfg = Release|Win32
		{55465FE0-5722-4D16-B1C7-CB1D7529DC10}.Release|x86.Build.0 = Release|Win32
		{0AA90C66-370C-4300-B16A-981CF979D50A}.Debug|x64.ActiveCfg = Debug|x64
		{0AA90C66-370C-4300-B16A-981CF979D50A}.Debug|x64.Build.0 = Debug|x64
		{0AA90C66-370C-4300-B16A-981CF979D50A}.Debug|x86.ActiveCfg = Debug|Win32
		{0AA90C66-370C-4300-B16A-981CF979D50A}.Debug|x86.Build.0 = Debug|Win32
		{0AA90C66-370C-4300-B16A-981CF979D50A}.Release|x64.ActiveCfg = Release|x64
		{0AA90C66-370C-4300-B16A-981CF979D50A}.Release|x64.Build.0 = Release|x64
		{0AA90C66-370C-4300-B16A-981CF979D50A}.Release|x86.ActiveCfg = Release|Win32
		{0AA90C66-370C-4300-B16A-981CF979D50A}.Release|x86.Build.0 = Release|Win32
		{9D215D92-79D7-47A4-8CC6-D6D092C582C9}.Debug|x64.ActiveCfg = Debug|x64
		{9D215D92-79D7-47A4-8CC6-D6D092C582C9}.Debug|x64.Build.0 = Debug|x64
		{9D215D92-79D7-47A4-8CC6-D6D092C582C9}.Debug|x86.ActiveCfg = Debug|Win32
		{9D215D92-79D7-47A4-8CC6-D6D092C582C9}.Debug|x86.Build.0 = Debug|Win32
		{9D215D92-79D7-47A4-8CC6-D6D092C582C9}.Release|x64.ActiveCfg = Release|x64
		{9D215D92-79D7-47A4-8CC6-D6D092C582C9}.Release|x64.Build.0 = Release|x64
		{9D215D92-79D7-47A4-8CC6-D6D092C582C9}.Release|x86.ActiveCfg = Release|Win32
		{9D215D92-79D7-47A4-8CC6-D6D092C582C9}.Release|x86.Build.0 = Release|Win32
		{96C38FA3-3243-4C69-98F9-A58804697E5D}.Debug|x64.ActiveCfg = Debug|x64
		{96C38FA3-3243-4C69-98F9-A58804697E5D}.Debug|x64.Build.0 = Debug|x64
		{96C38FA3-3243-4C69-98F9-A58804697E5D}.Debug|x86.ActiveCfg = Debug|Win32
		{96C38FA3-3243-4C69-98F9-A58804697E5D}.Debug|x86.Build.0 = Debug|Win32
		{96C38FA3-3243-4C69-98F9-A58804697E5D}.Release|x64.ActiveCfg = Release|x64
		{96C38FA3-3243-4C69-98F9-A58804697E5D}.Release|x64.Build.0 = Release|x64
		{96C38FA3-3243-4C69-98F9-A58804697E5D}.Release|x86.ActiveCfg = Release|Win32
		{96C38FA3-3243-4C69-98F9-A58804697E5D}.Release|x86.Build.0 = Release|Win32
		{2C6CD3AE-D10E-48CC-BC9F-769E2E0D5C09}.Debug|x64.ActiveCfg = Debug|x64
		{2C6CD3AE-D10E-48CC-BC9F-769E2E0D5C09}.Debug|x64.Build.0 = Debug|x64
		{2C6CD3AE-D10E-48CC-BC9F-769E2E0D5C09}.Debug|x86.ActiveCfg = Debug|Win32
		{2C6CD3AE-D10E-48CC-BC9F-769E2E0D5C09}.Debug|x86.Build.0 = Debug|Win32
		{2C6CD3AE-D10E-48CC-BC9F-769E2E0D5C09}.Release|x64.ActiveCfg = Release|x64
		{2C6CD3AE-D10E-48CC-BC9F-769E2E0D5C09}.Release|x64.Build.0 = Release|x64
		{2C6CD3AE-D10E-48CC-BC9F-769E2E0D5C09}.Release|x86.ActiveCfg = Release|Win32
		{2C6CD3AE-D10E-48CC-BC9F-769E2E0D5C09}.Release|x86.Build.0 = Release|Win32
		{443E82EC-001E-48FC-93CF-353CDC776F26}.Debug|x64.ActiveCfg = Debug|x64
		{443E82EC-001E-48FC-93CF-353CDC776F26}.Debug|x64.Build.0 = Debug|x64
		{443E82EC-001E-48FC-93CF-353CDC776F26}.Debug|x86.ActiveCfg = Debug|Win32
		{443E82EC-001E-48FC-93CF-353CDC776F26}.Debug|x86.Build.0 = Debug|Win32
		{443E82EC-001E-48FC-93CF-353CDC776F26}.Release|x64.ActiveCfg = Release|x64
		{443E82EC-001E-48FC-93CF-353CDC776F26}.Release|x64.Build.0 = Release|x64
		{443E82EC-001E-48FC-93CF-353CDC776F26}.Release|x86.ActiveCfg = Release|Win32
		{443E82EC-001E-48FC-93CF-353CDC776F26}.Release|x86.Build.0 = Release|Win32
		{0B7E7C1A-B8BB-4DBB-867A-D1B92060AE8F}.Debug|x64.ActiveCfg = Debug|x64
		{0B7E7C1A-B8BB-4DBB-867A-D1B92060AE8F}.Debug|x64.Build.0 = Debug|x64
		{0B7E7C1A-B8BB-4DBB-867A-D1B92060AE8F}.Debug|x86.ActiveCfg = Debug|Win32
		{0B7E7C1A-B8BB-4DBB-867A-D1B92060AE8F}.Debug|x86.Build.0 = Debug|Win32
		{0B7E7C1A-B8BB-4DBB-867A-D1B92060AE8F}.Release|x64.ActiveCfg = Release|x64
		{0B7E7C1A-B8BB-4DBB-867A-D1B92060AE8F}.Release|x64.Build.0 = Release|x64
		{0B7E7C1A-B8BB-4DBB-867A-D1B92060AE8F}.Release|x86.ActiveCfg = Release|Win32
		{0B7E7C1A-B8BB-4DBB-867A-D1B92060AE8F}.Release|x86.Build.0 = Release|Win32
		{058D3C5C-9A22-4C87-BA4E-2BBECAF79C7B}.Debug|x64.ActiveCfg = Debug|x64
		{058D3C5C-9A22-4C87-BA4E-2BBECAF79C7B}.Debug|x64.Build.0 = Debug|x64
		{058D3C5C-9A22-4C87-BA4E-2BBECAF79C7B}.Debug|x86.ActiveCfg = Debug|Win32
		{058D3C5C-9A22-4C87-BA4E-2BBECAF79C7B}.Debug|x86.Build.0 = Debug|Win32
		{058D3C5C-9A22-4C87-BA4E-2BBECAF79C7B}.Release|x64.ActiveCfg = Release|x64
		{058D3C5C-9A22-4C87-BA4E-2BBECAF79C7B}.Release|x64.Build.0 = Release|x64
		{058D3C5C-9A22-4C87-BA4E-2BBECAF79C7B}.Release|x86.ActiveCfg = Release|Win32
		{058D3C5C-9A22-4C87-BA4E-2BBECAF79C7B}.Release|x86.Build.0 = Release|Win32
		{7FFFCC63-A43E-4272-8941-3A14095A97DD}.Debug|x64.ActiveCfg = Debug|x64
		{7FFFCC63-A43E-4272-8941-3A14095A97DD}.Debug|x64.Build.0 = Debug|x64
		{7FFFCC63-A43E-4272-8941-3A14095A97DD}.Debug|x86.ActiveCfg = Debug|Win32
		{7FFFCC63-A43E-4272-8941-3A14095A97DD}.Debug|x86.Build.0 = Debug|Win32
		{7FFFCC63-A43E-4272-8941-3A14095A97DD}.Release|x64.ActiveCfg = Release|x64
		{7FFFCC63-A43E-4272-8941-3A14095A97DD}.Release|x64.Build.0 = Release|x64
		{7FFFCC63-A43E-4272-8941-3A14095A97DD}.Release|x86.ActiveCfg = Release|Win32
		{7FFFCC63-A43E-4272-8941-3A14095A97DD}.Release|x86.Build.0 = Release|Win32
		{4EAB2C22-FBC3-4232-BA51-30C86C1687F9}.Debug|x64.ActiveCfg = Debug|x64
		{4EAB2C22-FBC3-4232-BA51-30C86C1687F9}.Debug|x64.Build.0 = Debug|x64
		{4EAB2C22-FBC3-4232-BA51-30C86C1687F9}.Debug|x86.ActiveCfg = Debug|Win32
		{4EAB2C22-FBC3-4232-BA51-30C86C1687F9}.Debug|x86.Build.0 = Debug|Win32
		{4EAB2C22-FBC3-4232-BA51-30C86C1687F9}.Release|x64.ActiveCfg = Release|x64
		{4EAB2C22-FBC3-4232-BA51-30C86C1687F9}.Release|x64.Build.0 = Release|x64
		{4EAB2C22-FBC3-4232-BA51-30C86C1687F9}.Release|x86.ActiveCfg = Release|Win32
		{4EAB2C22-FBC3-4232-BA51-30C86C1687F9}.Release|x86.Build.0 = Release|Win32
		{15746D8C-6315-44B4-AD47-0931D36257CA}.Debug|x64.ActiveCfg = Debug|x64
		{15746D8C-6315-44B4-AD47-0931D36257CA}.Debug|x64.Build.0 = Debug|x64
		{15746D8C-6315-44B4-AD47-0931D36257CA}.Debug|x86.ActiveCfg = Debug|Win32
		{15746D8C-6315-44B4-AD47-0931D36257CA}.Debug|x86.Build.0 = Debug|Win32
		{15746D8C-6315-44B4-AD47-0931D36257CA}.Release|x64.ActiveCfg = Release|x64
		{15746D8C-6315-44B4-AD47-0931D36257CA}.Release|x64.Build.0 = Release|x64
		{15746D8C-6315-44B4-AD47-0931D36257CA}.Release|x86.ActiveCfg = Release|Win32
		{15746D8C-6315-44B4-AD47-0931D36257CA}.Release|x86.Build.0 = Release|Win32
		{C8B8E159-50C0-4D12-99E8-8788D47FA25F}.Debug|x64.ActiveCfg = Debug|x64
		{C8B8E159-50C0-4D12-99E8-8788D47FA25F}.Debug|x64.Build.0 = Debug|x64
		{C8B8E159-50C0-4D12-99E8-8788D47FA25F}.Debug|x86.ActiveCfg = Debug|Win32
		{C8B8E159-50C0-4D12-99E8-8788D47FA25F}.Debug|x86.Build.0 = Debug|Win32
		{C8B8E159-50C0-4D12-99E8-8788D47FA25F}.Release|x64.ActiveCfg = Release|x64
		{C8B8E159-50C0-4D12-99E8-8788D47FA25F}.Release|x64.Build.0 = Release|x64
		{C8B8E159-50C0-4D12-99E8-8788D47FA25F}.Release|x86.ActiveCfg = Release|Win32
		{C8B8E159-50C0-4D12-99E8-8788D47FA25F}.Release|x86.Build.0 = Release|Win32
		{82DD3634-537B-4339-A7F3-90D8ED583CB0}.Debug|x64.ActiveCfg = Debug|x64
		{82DD3634-537B-4339-A7F3-90D8ED583CB0}.Debug|x64.Build.0 = Debug|x64
		{82DD3634-537B-4339-A7F3-90D8ED583CB0}.Debug|x86.ActiveCfg = Debug|Win32
		{82DD3634-537B-4339-A7F3-90D8ED583CB0}.Debug|x86.Build.0 = Debug|Win32
		{82DD3634-537B-4339-A7F3-90D8ED583CB0}.Release|x64.ActiveCfg = Release|x64
		{82DD3634-537B-4339-A7F3-90D8ED583CB0}.Release|x64.Build.0 = Release|x64
		{82DD3634-537B-4339-A7F3-90D8ED583CB0}.Release|x86.ActiveCfg = Release|Win32
		{82DD3634-537B-4339-A7F3-90D8ED583CB0}.Release|x86.Build.0 = Release|Win32
		{AA33405D-B578-4EA4-8971-5B248350FA41}.Debug|x64.ActiveCfg = Debug|x64
		{AA33405D-B578-4EA4-8971-5B248350FA41}.Debug|x64.Build.0 = Debug|x64
		{AA33405D-B578-4EA4-8971-5B248350FA41}.Debug|x86.ActiveCfg = Debug|Win32
		{AA33405D-B578-4EA4-8971-5B248350FA41}.Debug|x86.Build.0 = Debug|Win32
		{AA33405D-B578-4EA4-8971-5B248350FA41}.Release|x64.ActiveCfg = Release|x64
		{AA33405D-B578-4EA4-8971-5B248350FA41}.Release|x64.Build.0 = Release|x64
		{AA33405D-B578-4EA4-8971-5B248350FA41}.Release|x86.ActiveCfg = Release|Win32
		{AA33405D-B578-4EA4-8971-5B248350FA41}.Release|x86.Build.0 = Release|Win32
		{BC5B6C09-1844-4DC9-B0EF-C4AE48E2BF55}.Debug|x64.ActiveCfg = Debug|x64
		{BC5B6C09-1844-4DC9-B0EF-C4AE48E2BF55}.Debug|x64.Build.0 = Debug|x64
		{BC5B6C09-1844-4DC9-B0EF-C4AE48E2BF55}.Debug|x86.ActiveCfg = Debug|Win32
		{BC5B6C09-1844-4DC9-B0EF-C4AE48E2BF55}.Debug|x86.Build.0 = Debug|Win32
		{BC5B6C09-1844-4DC9-B0EF-C4AE48E2BF55}.Release|x64.ActiveCfg = Release|x64
		{BC5B6C09-1844-4DC9-B0EF-C4AE48E2BF55}.Release|x64.Build.0 = Release|x64
		{BC5B6C09-1844-4DC9-B0EF-C4AE48E2BF55}.Release|x86.ActiveCfg = Release|Win32
		{BC5B6C09-1844-4DC9-B0EF-C4AE48E2BF55}.Release|x86.Build.0 = Release|Win32
		{1144EECD-EB7C-47C1-9134-1876DE9F7289}.Debug|x64.ActiveCfg = Debug|x64
		{1144EECD-EB7C-47C1-9134-1876DE9F7289}.Debug|x64.Build.0 = Debug|x64
		{1144EECD-EB7C-47C1-9134-1876DE9F7289}.Debug|x86.ActiveCfg = Debug|Win32
		{1144EECD-EB7C-47C1-9134-1876DE9F7289}.Debug|x86.Build.0 = Debug|Win32
		{1144EECD-EB7C-47C1-9134-1876DE9F7289}.Release|x64.ActiveCfg = Release|x64
		{1144EECD-EB7C-47C1-9134-1876DE9F7289}.Release|x64.Build.0 = Release|x64
		{1144EECD-EB7C-47C1-9134-1876DE9F7289}.Release|x86.ActiveCfg = Release|Win32
		{1144EECD-EB7C-47C1-9134-1876DE9F7289}.Release|x86.Build.0 = Release|Win32
		{5DED612B-5EC7-4809-87C7-9BD4AD07559F}.Debug|x64.ActiveCfg = Debug|x64
		{5DED612B-5EC7-4809-87C7-9BD4AD07559F}.Debug|x64.Build.0 = Debug|x64
		{5DED612B-5EC7-4809-87C7-9BD4AD07559F}.Debug|x86.ActiveCfg = Debug|Win32
		{5DED612B-5EC7-4809-87C7-9BD4AD07559F}.Debug|x86.Build.0 = Debug|Win32
		{5DED612B-5EC7-4809-87C7-9BD4AD07559F}.Release|x64.ActiveCfg = Release|x64
		{5DED612B-5EC7-4809-87C7-9BD4AD07559F}.Release|x64.Build.0 = Release|x64
		{5DED612B-5EC7-4809-87C7-9BD4AD07559F}.Release|x86.ActiveCfg = Release|Win32
		{5DED612B-5EC7-4809-87C7-9BD4AD07559F}.Release|x86.Build.0 = Release|Win32
		{E57BC9E2-F29E-4EBB-B3B1-29473F0E6717}.Debug|x64.ActiveCfg = Debug|x64
		{E57BC9E2-F29E-4EBB-B3B1-29473F0E6717}.Debug|x64.Build.0 = Debug|x64
		{E57BC9E2-F29E-4EBB-B3B1-29473F0E6717}.Debug|x86.ActiveCfg = Debug|Win32
		{E57BC9E2-F29E-4EBB-B3B1-29473F0E6717}.Debug|x86.Build.0 = Debug|Win32
		{E57BC9E2-F29E-4EBB-B3B1-29473F0E6717}.Release|x64.ActiveCfg = Release|x64
		{E57BC9E2-F29E-4EBB-B3B1-29473F0E6717}.Release|x64.Build.0 = Release|x64
		{E57BC9E2-F29E-4EBB-B3B1-29473F0E6717}.Release|x86.ActiveCfg = Release|Win32
		{E57BC9E2-F29E-4EBB-B3B1-29473F0E6717}.Release|x86.Build.0 = Release|Win32
		{035F8565-5B17-4F8A-BE7E-7748196BEEFB}.Debug|x64.ActiveCfg = Debug|x64
		{035F8565-5B17-4F8A-BE7E-7748196BEEFB}.Debug|x64.Build.0 = Debug|x64
		{035F8565-5B17-4F8A-BE7E-7748196BEEFB}.Debug|x86.ActiveCfg = Debug|Win32
		{035F8565-5B17-4F8A-BE7E-7748196BEEFB}.Debug|x86.Build.0 = Debug|Win32
		{035F8565-5B17-4F8A-BE7E-7748196BEEFB}.Release|x64.ActiveCfg = Release|x64
		{035F8565-5B17-4F8A-BE7E-7748196BEEFB}.Release|x64.Build.0 = Release|x64
		{035F8565-5B17-4F8A-BE7E-7748196BEEFB}.Release|x86.ActiveCfg = Release|Win32
		{035F8565-5B17-4F8A-BE7E-7748196BEEFB}.Release|x86.Build.0 = Release|Win32
	EndGlobalSection
	GlobalSection(SolutionProperties) = preSolution
		HideSolutionNode = FALSE
	EndGlobalSection
EndGlobal
