
Microsoft Visual Studio Solution File, Format Version 12.00
# Visual Studio 14
VisualStudioVersion = 14.0.25420.1
MinimumVisualStudioVersion = 10.0.40219.1
Project("{8BC9CEB8-8B4A-11D0-8D11-00A0C91BC942}") = "Asiignment4", "Asiignment4\Asiignment4.vcxproj", "{55465FE0-5722-4D16-B1C7-CB1D7529DC10}"
EndProject
Project("{8BC9CEB8-8B4A-11D0-8D11-00A0C91BC942}") = "count_e_3", "count_e_3\count_e_3.vcxproj", "{0AA90C66-370C-4300-B16A-981CF979D50A}"
EndProject
Project("{8BC9CEB8-8B4A-11D0-8D11-00A0C91BC942}") = "replace_4", "replace_4\replace_4.vcxproj", "{9D215D92-79D7-47A4-8CC6-D6D092C582C9}"
EndProject
Project("{8BC9CEB8-8B4A-11D0-8D11-00A0C91BC942}") = "invert_the_case_5", "invert_the_case_5\invert_the_case_5.vcxproj", "{96C38FA3-3243-4C69-98F9-A58804697E5D}"
EndProject
Project("{8BC9CEB8-8B4A-11D0-8D11-00A0C91BC942}") = "reverse_string_6", "reverse_string_6\reverse_string_6.vcxproj", "{2C6CD3AE-D10E-48CC-BC9F-769E2E0D5C09}"
EndProject
Global
	GlobalSection(SolutionConfigurationPlatforms) = preSolution
		Debug|x64 = Debug|x64
		Debug|x86 = Debug|x86
		Release|x64 = Release|x64
		Release|x86 = Release|x86
	EndGlobalSection
	GlobalSection(ProjectConfigurationPlatforms) = postSolution
		{55465FE0-5722-4D16-B1C7-CB1D7529DC10}.Debug|x64.ActiveCfg = Debug|x64
		{55465FE0-5722-4D16-B1C7-CB1D7529DC10}.Debug|x64.Build.0 = Debug|x64
		{55465FE0-5722-4D16-B1C7-CB1D7529DC10}.Debug|x86.ActiveCfg = Debug|Win32
		{55465FE0-5722-4D16-B1C7-CB1D7529DC10}.Debug|x86.Build.0 = Debug|Win32
		{55465FE0-5722-4D16-B1C7-CB1D7529DC10}.Release|x64.ActiveCfg = Release|x64
		{55465FE0-5722-4D16-B1C7-CB1D7529DC10}.Release|x64.Build.0 = Release|x64
		{55465FE0-5722-4D16-B1C7-CB1D7529DC10}.Release|x86.ActiveCfg = Release|Win32
		{55465FE0-5722-4D16-B1C7-CB1D7529DC10}.Release|x86.Build.0 = Release|Win32
		{0AA90C66-370C-4300-B16A-981CF979D50A}.Debug|x64.ActiveCfg = Debug|x64
		{0AA90C66-370C-4300-B16A-981CF979D50A}.Debug|x64.Build.0 = Debug|x64
		{0AA90C66-370C-4300-B16A-981CF979D50A}.Debug|x86.ActiveCfg = Debug|Win32
		{0AA90C66-370C-4300-B16A-981CF979D50A}.Debug|x86.Build.0 = Debug|Win32
		{0AA90C66-370C-4300-B16A-981CF979D50A}.Release|x64.ActiveCfg = Release|x64
		{0AA90C66-370C-4300-B16A-981CF979D50A}.Release|x64.Build.0 = Release|x64
		{0AA90C66-370C-4300-B16A-981CF979D50A}.Release|x86.ActiveCfg = Release|Win32
		{0AA90C66-370C-4300-B16A-981CF979D50A}.Release|x86.Build.0 = Release|Win32
		{9D215D92-79D7-47A4-8CC6-D6D092C582C9}.Debug|x64.ActiveCfg = Debug|x64
		{9D215D92-79D7-47A4-8CC6-D6D092C582C9}.Debug|x64.Build.0 = Debug|x64
		{9D215D92-79D7-47A4-8CC6-D6D092C582C9}.Debug|x86.ActiveCfg = Debug|Win32
		{9D215D92-79D7-47A4-8CC6-D6D092C582C9}.Debug|x86.Build.0 = Debug|Win32
		{9D215D92-79D7-47A4-8CC6-D6D092C582C9}.Release|x64.ActiveCfg = Release|x64
		{9D215D92-79D7-47A4-8CC6-D6D092C582C9}.Release|x64.Build.0 = Release|x64
		{9D215D92-79D7-47A4-8CC6-D6D092C582C9}.Release|x86.ActiveCfg = Release|Win32
		{9D215D92-79D7-47A4-8CC6-D6D092C582C9}.Release|x86.Build.0 = Release|Win32
		{96C38FA3-3243-4C69-98F9-A58804697E5D}.Debug|x64.ActiveCfg = Debug|x64
		{96C38FA3-3243-4C69-98F9-A58804697E5D}.Debug|x64.Build.0 = Debug|x64
		{96C38FA3-3243-4C69-98F9-A58804697E5D}.Debug|x86.ActiveCfg = Debug|Win32
		{96C38FA3-3243-4C69-98F9-A58804697E5D}.Debug|x86.Build.0 = Debug|Win32
		{96C38FA3-3243-4C69-98F9-A58804697E5D}.Release|x64.ActiveCfg = Release|x64
		{96C38FA3-3243-4C69-98F9-A58804697E5D}.Release|x64.Build.0 = Release|x64
		{96C38FA3-3243-4C69-98F9-A58804697E5D}.Release|x86.ActiveCfg = Release|Win32
		{96C38FA3-3243-4C69-98F9-A58804697E5D}.Release|x86.Build.0 = Release|Win32
		{2C6CD3AE-D10E-48CC-BC9F-769E2E0D5C09}.Debug|x64.ActiveCfg = Debug|x64
		{2C6CD3AE-D10E-48CC-BC9F-769E2E0D5C09}.Debug|x64.Build.0 = Debug|x64
		{2C6CD3AE-D10E-48CC-BC9F-769E2E0D5C09}.Debug|x86.ActiveCfg = Debug|Win32
		{2C6CD3AE-D10E-48CC-BC9F-769E2E0D5C09}.Debug|x86.Build.0 = Debug|Win32
		{2C6CD3AE-D10E-48CC-BC9F-769E2E0D5C09}.Release|x64.ActiveCfg = Release|x64
		{2C6CD3AE-D10E-48CC-BC9F-769E2E0D5C09}.Release|x64.Build.0 = Release|x64
		{2C6CD3AE-D10E-48CC-BC9F-769E2E0D5C09}.Release|x86.ActiveCfg = Release|Win32
		{2C6CD3AE-D10E-48CC-BC9F-769E2E0D5C09}.Release|x86.Build.0 = Release|Win32
	EndGlobalSection
	GlobalSection(SolutionProperties) = preSolution
		HideSolutionNode = FALSE
	EndGlobalSection
EndGlobal
