
Microsoft Visual Studio Solution File, Format Version 12.00
# Visual Studio 14
VisualStudioVersion = 14.0.25420.1
MinimumVisualStudioVersion = 10.0.40219.1
Project("{8BC9CEB8-8B4A-11D0-8D11-00A0C91BC942}") = "Windows_Assignment1", "Windows_Assignment1\Windows_Assignment1.vcxproj", "{18743A7C-C426-4588-9D82-1F7576A73F87}"
EndProject
Project("{8BC9CEB8-8B4A-11D0-8D11-00A0C91BC942}") = "ANSI_to_WILD_and_WILD_to_ANSI_1", "ANSI_to_WILD_and_WILD_to_ANSI_1\ANSI_to_WILD_and_WILD_to_ANSI_1.vcxproj", "{61B95AA1-25DF-42C4-B271-A5BEB1C145F6}"
EndProject
Project("{8BC9CEB8-8B4A-11D0-8D11-00A0C91BC942}") = "CommandLineArgsvW", "CommandLineArgsvW\CommandLineArgsvW.vcxproj", "{2891D12A-B5DF-4E21-9DC8-44D111B37A4C}"
EndProject
Project("{8BC9CEB8-8B4A-11D0-8D11-00A0C91BC942}") = "ExpandEnvironmentStrings_3", "ExpandEnvironmentStrings_3\ExpandEnvironmentStrings_3.vcxproj", "{0C67E5CE-54E7-4FC3-B203-9052E98AE9DF}"
EndProject
Project("{8BC9CEB8-8B4A-11D0-8D11-00A0C91BC942}") = "Create_Read_File_4", "Create_Read_File_4\Create_Read_File_4.vcxproj", "{143C923C-B224-4026-8AD0-EDF30BD0268B}"
EndProject
Project("{8BC9CEB8-8B4A-11D0-8D11-00A0C91BC942}") = "Create_Write_File_5", "Create_Write_File_5\Create_Write_File_5.vcxproj", "{8B92B068-53D2-41B1-B303-5898E2F2EEF6}"
EndProject
Project("{8BC9CEB8-8B4A-11D0-8D11-00A0C91BC942}") = "Create_Thread_12", "Create_Thread_12\Create_Thread_12.vcxproj", "{BA3CAC5A-C3C6-4D05-929D-02D3C4DC66AA}"
EndProject
Project("{8BC9CEB8-8B4A-11D0-8D11-00A0C91BC942}") = "Thread_Creation_SuspendedState_13", "Thread_Creation_SuspendedState_13\Thread_Creation_SuspendedState_13.vcxproj", "{68EDD0CB-7AED-467E-A649-86DD50847C4F}"
EndProject
Project("{8BC9CEB8-8B4A-11D0-8D11-00A0C91BC942}") = "Exit_Thread_API_14", "Exit_Thread_API_14\Exit_Thread_API_14.vcxproj", "{82AE7C94-8A2F-43F8-81F8-E8D4E546FBB6}"
EndProject
Project("{8BC9CEB8-8B4A-11D0-8D11-00A0C91BC942}") = "Terminate_Thread_ API_15", "Terminate_Thread_ API_15\Terminate_Thread_ API_15.vcxproj", "{BF9F572F-9F91-4A52-9259-418088E4F19A}"
EndProject
Project("{8BC9CEB8-8B4A-11D0-8D11-00A0C91BC942}") = "Change_ChildProcess_Priority_16", "Change_ChildProcess_Priority_16\Change_ChildProcess_Priority_16.vcxproj", "{DBB04A98-03FB-4811-B6C6-F731FF08CE67}"
EndProject
Project("{8BC9CEB8-8B4A-11D0-8D11-00A0C91BC942}") = "ParentProcess_16", "ParentProcess_16\ParentProcess_16.vcxproj", "{DC3B85A4-48AB-4303-80C9-E47CA4CFADD6}"
EndProject
Project("{8BC9CEB8-8B4A-11D0-8D11-00A0C91BC942}") = "Increment_SharedThread_17", "Increment_SharedThread_17\Increment_SharedThread_17.vcxproj", "{DC08336E-B3F2-4DE3-A0E4-436B74C6B03E}"
EndProject
Project("{8BC9CEB8-8B4A-11D0-8D11-00A0C91BC942}") = "InterLocked_SharedVariable", "InterLocked_SharedVariable\InterLocked_SharedVariable.vcxproj", "{1C27345F-FBAA-4A82-B00D-7CF3FF0630A9}"
EndProject
Global
	GlobalSection(SolutionConfigurationPlatforms) = preSolution
		Debug|x64 = Debug|x64
		Debug|x86 = Debug|x86
		Release|x64 = Release|x64
		Release|x86 = Release|x86
	EndGlobalSection
	GlobalSection(ProjectConfigurationPlatforms) = postSolution
		{18743A7C-C426-4588-9D82-1F7576A73F87}.Debug|x64.ActiveCfg = Debug|x64
		{18743A7C-C426-4588-9D82-1F7576A73F87}.Debug|x64.Build.0 = Debug|x64
		{18743A7C-C426-4588-9D82-1F7576A73F87}.Debug|x86.ActiveCfg = Debug|Win32
		{18743A7C-C426-4588-9D82-1F7576A73F87}.Debug|x86.Build.0 = Debug|Win32
		{18743A7C-C426-4588-9D82-1F7576A73F87}.Release|x64.ActiveCfg = Release|x64
		{18743A7C-C426-4588-9D82-1F7576A73F87}.Release|x64.Build.0 = Release|x64
		{18743A7C-C426-4588-9D82-1F7576A73F87}.Release|x86.ActiveCfg = Release|Win32
		{18743A7C-C426-4588-9D82-1F7576A73F87}.Release|x86.Build.0 = Release|Win32
		{61B95AA1-25DF-42C4-B271-A5BEB1C145F6}.Debug|x64.ActiveCfg = Debug|x64
		{61B95AA1-25DF-42C4-B271-A5BEB1C145F6}.Debug|x64.Build.0 = Debug|x64
		{61B95AA1-25DF-42C4-B271-A5BEB1C145F6}.Debug|x86.ActiveCfg = Debug|Win32
		{61B95AA1-25DF-42C4-B271-A5BEB1C145F6}.Debug|x86.Build.0 = Debug|Win32
		{61B95AA1-25DF-42C4-B271-A5BEB1C145F6}.Release|x64.ActiveCfg = Release|x64
		{61B95AA1-25DF-42C4-B271-A5BEB1C145F6}.Release|x64.Build.0 = Release|x64
		{61B95AA1-25DF-42C4-B271-A5BEB1C145F6}.Release|x86.ActiveCfg = Release|Win32
		{61B95AA1-25DF-42C4-B271-A5BEB1C145F6}.Release|x86.Build.0 = Release|Win32
		{2891D12A-B5DF-4E21-9DC8-44D111B37A4C}.Debug|x64.ActiveCfg = Debug|x64
		{2891D12A-B5DF-4E21-9DC8-44D111B37A4C}.Debug|x64.Build.0 = Debug|x64
		{2891D12A-B5DF-4E21-9DC8-44D111B37A4C}.Debug|x86.ActiveCfg = Debug|Win32
		{2891D12A-B5DF-4E21-9DC8-44D111B37A4C}.Debug|x86.Build.0 = Debug|Win32
		{2891D12A-B5DF-4E21-9DC8-44D111B37A4C}.Release|x64.ActiveCfg = Release|x64
		{2891D12A-B5DF-4E21-9DC8-44D111B37A4C}.Release|x64.Build.0 = Release|x64
		{2891D12A-B5DF-4E21-9DC8-44D111B37A4C}.Release|x86.ActiveCfg = Release|Win32
		{2891D12A-B5DF-4E21-9DC8-44D111B37A4C}.Release|x86.Build.0 = Release|Win32
		{0C67E5CE-54E7-4FC3-B203-9052E98AE9DF}.Debug|x64.ActiveCfg = Debug|x64
		{0C67E5CE-54E7-4FC3-B203-9052E98AE9DF}.Debug|x64.Build.0 = Debug|x64
		{0C67E5CE-54E7-4FC3-B203-9052E98AE9DF}.Debug|x86.ActiveCfg = Debug|Win32
		{0C67E5CE-54E7-4FC3-B203-9052E98AE9DF}.Debug|x86.Build.0 = Debug|Win32
		{0C67E5CE-54E7-4FC3-B203-9052E98AE9DF}.Release|x64.ActiveCfg = Release|x64
		{0C67E5CE-54E7-4FC3-B203-9052E98AE9DF}.Release|x64.Build.0 = Release|x64
		{0C67E5CE-54E7-4FC3-B203-9052E98AE9DF}.Release|x86.ActiveCfg = Release|Win32
		{0C67E5CE-54E7-4FC3-B203-9052E98AE9DF}.Release|x86.Build.0 = Release|Win32
		{143C923C-B224-4026-8AD0-EDF30BD0268B}.Debug|x64.ActiveCfg = Debug|x64
		{143C923C-B224-4026-8AD0-EDF30BD0268B}.Debug|x64.Build.0 = Debug|x64
		{143C923C-B224-4026-8AD0-EDF30BD0268B}.Debug|x86.ActiveCfg = Debug|Win32
		{143C923C-B224-4026-8AD0-EDF30BD0268B}.Debug|x86.Build.0 = Debug|Win32
		{143C923C-B224-4026-8AD0-EDF30BD0268B}.Release|x64.ActiveCfg = Release|x64
		{143C923C-B224-4026-8AD0-EDF30BD0268B}.Release|x64.Build.0 = Release|x64
		{143C923C-B224-4026-8AD0-EDF30BD0268B}.Release|x86.ActiveCfg = Release|Win32
		{143C923C-B224-4026-8AD0-EDF30BD0268B}.Release|x86.Build.0 = Release|Win32
		{8B92B068-53D2-41B1-B303-5898E2F2EEF6}.Debug|x64.ActiveCfg = Debug|x64
		{8B92B068-53D2-41B1-B303-5898E2F2EEF6}.Debug|x64.Build.0 = Debug|x64
		{8B92B068-53D2-41B1-B303-5898E2F2EEF6}.Debug|x86.ActiveCfg = Debug|Win32
		{8B92B068-53D2-41B1-B303-5898E2F2EEF6}.Debug|x86.Build.0 = Debug|Win32
		{8B92B068-53D2-41B1-B303-5898E2F2EEF6}.Release|x64.ActiveCfg = Release|x64
		{8B92B068-53D2-41B1-B303-5898E2F2EEF6}.Release|x64.Build.0 = Release|x64
		{8B92B068-53D2-41B1-B303-5898E2F2EEF6}.Release|x86.ActiveCfg = Release|Win32
		{8B92B068-53D2-41B1-B303-5898E2F2EEF6}.Release|x86.Build.0 = Release|Win32
		{BA3CAC5A-C3C6-4D05-929D-02D3C4DC66AA}.Debug|x64.ActiveCfg = Debug|x64
		{BA3CAC5A-C3C6-4D05-929D-02D3C4DC66AA}.Debug|x64.Build.0 = Debug|x64
		{BA3CAC5A-C3C6-4D05-929D-02D3C4DC66AA}.Debug|x86.ActiveCfg = Debug|Win32
		{BA3CAC5A-C3C6-4D05-929D-02D3C4DC66AA}.Debug|x86.Build.0 = Debug|Win32
		{BA3CAC5A-C3C6-4D05-929D-02D3C4DC66AA}.Release|x64.ActiveCfg = Release|x64
		{BA3CAC5A-C3C6-4D05-929D-02D3C4DC66AA}.Release|x64.Build.0 = Release|x64
		{BA3CAC5A-C3C6-4D05-929D-02D3C4DC66AA}.Release|x86.ActiveCfg = Release|Win32
		{BA3CAC5A-C3C6-4D05-929D-02D3C4DC66AA}.Release|x86.Build.0 = Release|Win32
		{68EDD0CB-7AED-467E-A649-86DD50847C4F}.Debug|x64.ActiveCfg = Debug|x64
		{68EDD0CB-7AED-467E-A649-86DD50847C4F}.Debug|x64.Build.0 = Debug|x64
		{68EDD0CB-7AED-467E-A649-86DD50847C4F}.Debug|x86.ActiveCfg = Debug|Win32
		{68EDD0CB-7AED-467E-A649-86DD50847C4F}.Debug|x86.Build.0 = Debug|Win32
		{68EDD0CB-7AED-467E-A649-86DD50847C4F}.Release|x64.ActiveCfg = Release|x64
		{68EDD0CB-7AED-467E-A649-86DD50847C4F}.Release|x64.Build.0 = Release|x64
		{68EDD0CB-7AED-467E-A649-86DD50847C4F}.Release|x86.ActiveCfg = Release|Win32
		{68EDD0CB-7AED-467E-A649-86DD50847C4F}.Release|x86.Build.0 = Release|Win32
		{82AE7C94-8A2F-43F8-81F8-E8D4E546FBB6}.Debug|x64.ActiveCfg = Debug|x64
		{82AE7C94-8A2F-43F8-81F8-E8D4E546FBB6}.Debug|x64.Build.0 = Debug|x64
		{82AE7C94-8A2F-43F8-81F8-E8D4E546FBB6}.Debug|x86.ActiveCfg = Debug|Win32
		{82AE7C94-8A2F-43F8-81F8-E8D4E546FBB6}.Debug|x86.Build.0 = Debug|Win32
		{82AE7C94-8A2F-43F8-81F8-E8D4E546FBB6}.Release|x64.ActiveCfg = Release|x64
		{82AE7C94-8A2F-43F8-81F8-E8D4E546FBB6}.Release|x64.Build.0 = Release|x64
		{82AE7C94-8A2F-43F8-81F8-E8D4E546FBB6}.Release|x86.ActiveCfg = Release|Win32
		{82AE7C94-8A2F-43F8-81F8-E8D4E546FBB6}.Release|x86.Build.0 = Release|Win32
		{BF9F572F-9F91-4A52-9259-418088E4F19A}.Debug|x64.ActiveCfg = Debug|x64
		{BF9F572F-9F91-4A52-9259-418088E4F19A}.Debug|x64.Build.0 = Debug|x64
		{BF9F572F-9F91-4A52-9259-418088E4F19A}.Debug|x86.ActiveCfg = Debug|Win32
		{BF9F572F-9F91-4A52-9259-418088E4F19A}.Debug|x86.Build.0 = Debug|Win32
		{BF9F572F-9F91-4A52-9259-418088E4F19A}.Release|x64.ActiveCfg = Release|x64
		{BF9F572F-9F91-4A52-9259-418088E4F19A}.Release|x64.Build.0 = Release|x64
		{BF9F572F-9F91-4A52-9259-418088E4F19A}.Release|x86.ActiveCfg = Release|Win32
		{BF9F572F-9F91-4A52-9259-418088E4F19A}.Release|x86.Build.0 = Release|Win32
		{DBB04A98-03FB-4811-B6C6-F731FF08CE67}.Debug|x64.ActiveCfg = Debug|x64
		{DBB04A98-03FB-4811-B6C6-F731FF08CE67}.Debug|x64.Build.0 = Debug|x64
		{DBB04A98-03FB-4811-B6C6-F731FF08CE67}.Debug|x86.ActiveCfg = Debug|Win32
		{DBB04A98-03FB-4811-B6C6-F731FF08CE67}.Debug|x86.Build.0 = Debug|Win32
		{DBB04A98-03FB-4811-B6C6-F731FF08CE67}.Release|x64.ActiveCfg = Release|x64
		{DBB04A98-03FB-4811-B6C6-F731FF08CE67}.Release|x64.Build.0 = Release|x64
		{DBB04A98-03FB-4811-B6C6-F731FF08CE67}.Release|x86.ActiveCfg = Release|Win32
		{DBB04A98-03FB-4811-B6C6-F731FF08CE67}.Release|x86.Build.0 = Release|Win32
		{DC3B85A4-48AB-4303-80C9-E47CA4CFADD6}.Debug|x64.ActiveCfg = Debug|x64
		{DC3B85A4-48AB-4303-80C9-E47CA4CFADD6}.Debug|x64.Build.0 = Debug|x64
		{DC3B85A4-48AB-4303-80C9-E47CA4CFADD6}.Debug|x86.ActiveCfg = Debug|Win32
		{DC3B85A4-48AB-4303-80C9-E47CA4CFADD6}.Debug|x86.Build.0 = Debug|Win32
		{DC3B85A4-48AB-4303-80C9-E47CA4CFADD6}.Release|x64.ActiveCfg = Release|x64
		{DC3B85A4-48AB-4303-80C9-E47CA4CFADD6}.Release|x64.Build.0 = Release|x64
		{DC3B85A4-48AB-4303-80C9-E47CA4CFADD6}.Release|x86.ActiveCfg = Release|Win32
		{DC3B85A4-48AB-4303-80C9-E47CA4CFADD6}.Release|x86.Build.0 = Release|Win32
		{DC08336E-B3F2-4DE3-A0E4-436B74C6B03E}.Debug|x64.ActiveCfg = Debug|x64
		{DC08336E-B3F2-4DE3-A0E4-436B74C6B03E}.Debug|x64.Build.0 = Debug|x64
		{DC08336E-B3F2-4DE3-A0E4-436B74C6B03E}.Debug|x86.ActiveCfg = Debug|Win32
		{DC08336E-B3F2-4DE3-A0E4-436B74C6B03E}.Debug|x86.Build.0 = Debug|Win32
		{DC08336E-B3F2-4DE3-A0E4-436B74C6B03E}.Release|x64.ActiveCfg = Release|x64
		{DC08336E-B3F2-4DE3-A0E4-436B74C6B03E}.Release|x64.Build.0 = Release|x64
		{DC08336E-B3F2-4DE3-A0E4-436B74C6B03E}.Release|x86.ActiveCfg = Release|Win32
		{DC08336E-B3F2-4DE3-A0E4-436B74C6B03E}.Release|x86.Build.0 = Release|Win32
		{1C27345F-FBAA-4A82-B00D-7CF3FF0630A9}.Debug|x64.ActiveCfg = Debug|x64
		{1C27345F-FBAA-4A82-B00D-7CF3FF0630A9}.Debug|x64.Build.0 = Debug|x64
		{1C27345F-FBAA-4A82-B00D-7CF3FF0630A9}.Debug|x86.ActiveCfg = Debug|Win32
		{1C27345F-FBAA-4A82-B00D-7CF3FF0630A9}.Debug|x86.Build.0 = Debug|Win32
		{1C27345F-FBAA-4A82-B00D-7CF3FF0630A9}.Release|x64.ActiveCfg = Release|x64
		{1C27345F-FBAA-4A82-B00D-7CF3FF0630A9}.Release|x64.Build.0 = Release|x64
		{1C27345F-FBAA-4A82-B00D-7CF3FF0630A9}.Release|x86.ActiveCfg = Release|Win32
		{1C27345F-FBAA-4A82-B00D-7CF3FF0630A9}.Release|x86.Build.0 = Release|Win32
	EndGlobalSection
	GlobalSection(SolutionProperties) = preSolution
		HideSolutionNode = FALSE
	EndGlobalSection
EndGlobal
