
Microsoft Visual Studio Solution File, Format Version 12.00
# Visual Studio 14
VisualStudioVersion = 14.0.25420.1
MinimumVisualStudioVersion = 10.0.40219.1
Project("{8BC9CEB8-8B4A-11D0-8D11-00A0C91BC942}") = "pyramid_9", "pyramid_9\pyramid_9.vcxproj", "{8BD520CA-17FA-4E03-A6EF-99876791D27C}"
EndProject
Project("{8BC9CEB8-8B4A-11D0-8D11-00A0C91BC942}") = "rotate_right12", "rotate_right12\rotate_right12.vcxproj", "{200764B0-3BA8-48F5-BC72-00A99ED309F4}"
EndProject
Project("{8BC9CEB8-8B4A-11D0-8D11-00A0C91BC942}") = "calculator_1", "calculator_1\calculator_1.vcxproj", "{9DAB27F5-AC19-44E1-8614-B80D517DF2B8}"
EndProject
Project("{8BC9CEB8-8B4A-11D0-8D11-00A0C91BC942}") = "decimaltobinary_6", "decimaltobinary_6\decimaltobinary_6.vcxproj", "{9E0F13C0-8EF3-46AD-9918-10B415FF60C4}"
EndProject
Project("{8BC9CEB8-8B4A-11D0-8D11-00A0C91BC942}") = "userinput_7", "userinput_7\userinput_7.vcxproj", "{20DE5C69-E919-40D2-876A-C045E09A56D5}"
EndProject
Project("{8BC9CEB8-8B4A-11D0-8D11-00A0C91BC942}") = "employeesalary_8", "employeesalary_8\employeesalary_8.vcxproj", "{9257A65B-C192-498F-A0A0-767B058EA259}"
EndProject
Project("{8BC9CEB8-8B4A-11D0-8D11-00A0C91BC942}") = "bitwiseoperations_3a", "bitwiseoperations_3a\bitwiseoperations_3a.vcxproj", "{57744196-7511-4DDE-BFC8-3499EFCFC0F5}"
EndProject
Project("{8BC9CEB8-8B4A-11D0-8D11-00A0C91BC942}") = "invertbits_13", "invertbits_13\invertbits_13.vcxproj", "{0D7D6B17-6DB9-4BEE-911B-DCA062D2A8FD}"
EndProject
Project("{8BC9CEB8-8B4A-11D0-8D11-00A0C91BC942}") = "Armstrong_4", "Armstrong_4\Armstrong_4.vcxproj", "{79884602-912F-45D0-99E0-50DBD09EFE65}"
EndProject
Project("{8BC9CEB8-8B4A-11D0-8D11-00A0C91BC942}") = "palindrome_5", "palindrome_5\palindrome_5.vcxproj", "{1FD51528-F424-4BE4-9DB9-842C5A8880EA}"
EndProject
Project("{8BC9CEB8-8B4A-11D0-8D11-00A0C91BC942}") = "String_input_from_user_2", "String_input_from_user_2\String_input_from_user_2.vcxproj", "{8EF22D37-7F41-4BA7-AD1B-D5551E8DBA04}"
EndProject
Project("{8BC9CEB8-8B4A-11D0-8D11-00A0C91BC942}") = "Sum_of_digit_10", "Sum_of_digit_10\Sum_of_digit_10.vcxproj", "{002EC290-9334-4495-B21F-ABB0CFAD45D0}"
EndProject
Project("{8BC9CEB8-8B4A-11D0-8D11-00A0C91BC942}") = "rotate_a_number_12", "rotate_a_number_12\rotate_a_number_12.vcxproj", "{17F358F6-6313-4F59-A437-49A4342B7141}"
EndProject
Global
	GlobalSection(SolutionConfigurationPlatforms) = preSolution
		Debug|x64 = Debug|x64
		Debug|x86 = Debug|x86
		Release|x64 = Release|x64
		Release|x86 = Release|x86
	EndGlobalSection
	GlobalSection(ProjectConfigurationPlatforms) = postSolution
		{8BD520CA-17FA-4E03-A6EF-99876791D27C}.Debug|x64.ActiveCfg = Debug|x64
		{8BD520CA-17FA-4E03-A6EF-99876791D27C}.Debug|x64.Build.0 = Debug|x64
		{8BD520CA-17FA-4E03-A6EF-99876791D27C}.Debug|x86.ActiveCfg = Debug|Win32
		{8BD520CA-17FA-4E03-A6EF-99876791D27C}.Debug|x86.Build.0 = Debug|Win32
		{8BD520CA-17FA-4E03-A6EF-99876791D27C}.Release|x64.ActiveCfg = Release|x64
		{8BD520CA-17FA-4E03-A6EF-99876791D27C}.Release|x64.Build.0 = Release|x64
		{8BD520CA-17FA-4E03-A6EF-99876791D27C}.Release|x86.ActiveCfg = Release|Win32
		{8BD520CA-17FA-4E03-A6EF-99876791D27C}.Release|x86.Build.0 = Release|Win32
		{200764B0-3BA8-48F5-BC72-00A99ED309F4}.Debug|x64.ActiveCfg = Debug|x64
		{200764B0-3BA8-48F5-BC72-00A99ED309F4}.Debug|x64.Build.0 = Debug|x64
		{200764B0-3BA8-48F5-BC72-00A99ED309F4}.Debug|x86.ActiveCfg = Debug|Win32
		{200764B0-3BA8-48F5-BC72-00A99ED309F4}.Debug|x86.Build.0 = Debug|Win32
		{200764B0-3BA8-48F5-BC72-00A99ED309F4}.Release|x64.ActiveCfg = Release|x64
		{200764B0-3BA8-48F5-BC72-00A99ED309F4}.Release|x64.Build.0 = Release|x64
		{200764B0-3BA8-48F5-BC72-00A99ED309F4}.Release|x86.ActiveCfg = Release|Win32
		{200764B0-3BA8-48F5-BC72-00A99ED309F4}.Release|x86.Build.0 = Release|Win32
		{9DAB27F5-AC19-44E1-8614-B80D517DF2B8}.Debug|x64.ActiveCfg = Debug|x64
		{9DAB27F5-AC19-44E1-8614-B80D517DF2B8}.Debug|x64.Build.0 = Debug|x64
		{9DAB27F5-AC19-44E1-8614-B80D517DF2B8}.Debug|x86.ActiveCfg = Debug|Win32
		{9DAB27F5-AC19-44E1-8614-B80D517DF2B8}.Debug|x86.Build.0 = Debug|Win32
		{9DAB27F5-AC19-44E1-8614-B80D517DF2B8}.Release|x64.ActiveCfg = Release|x64
		{9DAB27F5-AC19-44E1-8614-B80D517DF2B8}.Release|x64.Build.0 = Release|x64
		{9DAB27F5-AC19-44E1-8614-B80D517DF2B8}.Release|x86.ActiveCfg = Release|Win32
		{9DAB27F5-AC19-44E1-8614-B80D517DF2B8}.Release|x86.Build.0 = Release|Win32
		{9E0F13C0-8EF3-46AD-9918-10B415FF60C4}.Debug|x64.ActiveCfg = Debug|x64
		{9E0F13C0-8EF3-46AD-9918-10B415FF60C4}.Debug|x64.Build.0 = Debug|x64
		{9E0F13C0-8EF3-46AD-9918-10B415FF60C4}.Debug|x86.ActiveCfg = Debug|Win32
		{9E0F13C0-8EF3-46AD-9918-10B415FF60C4}.Debug|x86.Build.0 = Debug|Win32
		{9E0F13C0-8EF3-46AD-9918-10B415FF60C4}.Release|x64.ActiveCfg = Release|x64
		{9E0F13C0-8EF3-46AD-9918-10B415FF60C4}.Release|x64.Build.0 = Release|x64
		{9E0F13C0-8EF3-46AD-9918-10B415FF60C4}.Release|x86.ActiveCfg = Release|Win32
		{9E0F13C0-8EF3-46AD-9918-10B415FF60C4}.Release|x86.Build.0 = Release|Win32
		{20DE5C69-E919-40D2-876A-C045E09A56D5}.Debug|x64.ActiveCfg = Debug|x64
		{20DE5C69-E919-40D2-876A-C045E09A56D5}.Debug|x64.Build.0 = Debug|x64
		{20DE5C69-E919-40D2-876A-C045E09A56D5}.Debug|x86.ActiveCfg = Debug|Win32
		{20DE5C69-E919-40D2-876A-C045E09A56D5}.Debug|x86.Build.0 = Debug|Win32
		{20DE5C69-E919-40D2-876A-C045E09A56D5}.Release|x64.ActiveCfg = Release|x64
		{20DE5C69-E919-40D2-876A-C045E09A56D5}.Release|x64.Build.0 = Release|x64
		{20DE5C69-E919-40D2-876A-C045E09A56D5}.Release|x86.ActiveCfg = Release|Win32
		{20DE5C69-E919-40D2-876A-C045E09A56D5}.Release|x86.Build.0 = Release|Win32
		{9257A65B-C192-498F-A0A0-767B058EA259}.Debug|x64.ActiveCfg = Debug|x64
		{9257A65B-C192-498F-A0A0-767B058EA259}.Debug|x64.Build.0 = Debug|x64
		{9257A65B-C192-498F-A0A0-767B058EA259}.Debug|x86.ActiveCfg = Debug|Win32
		{9257A65B-C192-498F-A0A0-767B058EA259}.Debug|x86.Build.0 = Debug|Win32
		{9257A65B-C192-498F-A0A0-767B058EA259}.Release|x64.ActiveCfg = Release|x64
		{9257A65B-C192-498F-A0A0-767B058EA259}.Release|x64.Build.0 = Release|x64
		{9257A65B-C192-498F-A0A0-767B058EA259}.Release|x86.ActiveCfg = Release|Win32
		{9257A65B-C192-498F-A0A0-767B058EA259}.Release|x86.Build.0 = Release|Win32
		{57744196-7511-4DDE-BFC8-3499EFCFC0F5}.Debug|x64.ActiveCfg = Debug|x64
		{57744196-7511-4DDE-BFC8-3499EFCFC0F5}.Debug|x64.Build.0 = Debug|x64
		{57744196-7511-4DDE-BFC8-3499EFCFC0F5}.Debug|x86.ActiveCfg = Debug|Win32
		{57744196-7511-4DDE-BFC8-3499EFCFC0F5}.Debug|x86.Build.0 = Debug|Win32
		{57744196-7511-4DDE-BFC8-3499EFCFC0F5}.Release|x64.ActiveCfg = Release|x64
		{57744196-7511-4DDE-BFC8-3499EFCFC0F5}.Release|x64.Build.0 = Release|x64
		{57744196-7511-4DDE-BFC8-3499EFCFC0F5}.Release|x86.ActiveCfg = Release|Win32
		{57744196-7511-4DDE-BFC8-3499EFCFC0F5}.Release|x86.Build.0 = Release|Win32
		{0D7D6B17-6DB9-4BEE-911B-DCA062D2A8FD}.Debug|x64.ActiveCfg = Debug|x64
		{0D7D6B17-6DB9-4BEE-911B-DCA062D2A8FD}.Debug|x64.Build.0 = Debug|x64
		{0D7D6B17-6DB9-4BEE-911B-DCA062D2A8FD}.Debug|x86.ActiveCfg = Debug|Win32
		{0D7D6B17-6DB9-4BEE-911B-DCA062D2A8FD}.Debug|x86.Build.0 = Debug|Win32
		{0D7D6B17-6DB9-4BEE-911B-DCA062D2A8FD}.Release|x64.ActiveCfg = Release|x64
		{0D7D6B17-6DB9-4BEE-911B-DCA062D2A8FD}.Release|x64.Build.0 = Release|x64
		{0D7D6B17-6DB9-4BEE-911B-DCA062D2A8FD}.Release|x86.ActiveCfg = Release|Win32
		{0D7D6B17-6DB9-4BEE-911B-DCA062D2A8FD}.Release|x86.Build.0 = Release|Win32
		{79884602-912F-45D0-99E0-50DBD09EFE65}.Debug|x64.ActiveCfg = Debug|x64
		{79884602-912F-45D0-99E0-50DBD09EFE65}.Debug|x64.Build.0 = Debug|x64
		{79884602-912F-45D0-99E0-50DBD09EFE65}.Debug|x86.ActiveCfg = Debug|Win32
		{79884602-912F-45D0-99E0-50DBD09EFE65}.Debug|x86.Build.0 = Debug|Win32
		{79884602-912F-45D0-99E0-50DBD09EFE65}.Release|x64.ActiveCfg = Release|x64
		{79884602-912F-45D0-99E0-50DBD09EFE65}.Release|x64.Build.0 = Release|x64
		{79884602-912F-45D0-99E0-50DBD09EFE65}.Release|x86.ActiveCfg = Release|Win32
		{79884602-912F-45D0-99E0-50DBD09EFE65}.Release|x86.Build.0 = Release|Win32
		{1FD51528-F424-4BE4-9DB9-842C5A8880EA}.Debug|x64.ActiveCfg = Debug|x64
		{1FD51528-F424-4BE4-9DB9-842C5A8880EA}.Debug|x64.Build.0 = Debug|x64
		{1FD51528-F424-4BE4-9DB9-842C5A8880EA}.Debug|x86.ActiveCfg = Debug|Win32
		{1FD51528-F424-4BE4-9DB9-842C5A8880EA}.Debug|x86.Build.0 = Debug|Win32
		{1FD51528-F424-4BE4-9DB9-842C5A8880EA}.Release|x64.ActiveCfg = Release|x64
		{1FD51528-F424-4BE4-9DB9-842C5A8880EA}.Release|x64.Build.0 = Release|x64
		{1FD51528-F424-4BE4-9DB9-842C5A8880EA}.Release|x86.ActiveCfg = Release|Win32
		{1FD51528-F424-4BE4-9DB9-842C5A8880EA}.Release|x86.Build.0 = Release|Win32
		{8EF22D37-7F41-4BA7-AD1B-D5551E8DBA04}.Debug|x64.ActiveCfg = Debug|x64
		{8EF22D37-7F41-4BA7-AD1B-D5551E8DBA04}.Debug|x64.Build.0 = Debug|x64
		{8EF22D37-7F41-4BA7-AD1B-D5551E8DBA04}.Debug|x86.ActiveCfg = Debug|Win32
		{8EF22D37-7F41-4BA7-AD1B-D5551E8DBA04}.Debug|x86.Build.0 = Debug|Win32
		{8EF22D37-7F41-4BA7-AD1B-D5551E8DBA04}.Release|x64.ActiveCfg = Release|x64
		{8EF22D37-7F41-4BA7-AD1B-D5551E8DBA04}.Release|x64.Build.0 = Release|x64
		{8EF22D37-7F41-4BA7-AD1B-D5551E8DBA04}.Release|x86.ActiveCfg = Release|Win32
		{8EF22D37-7F41-4BA7-AD1B-D5551E8DBA04}.Release|x86.Build.0 = Release|Win32
		{002EC290-9334-4495-B21F-ABB0CFAD45D0}.Debug|x64.ActiveCfg = Debug|x64
		{002EC290-9334-4495-B21F-ABB0CFAD45D0}.Debug|x64.Build.0 = Debug|x64
		{002EC290-9334-4495-B21F-ABB0CFAD45D0}.Debug|x86.ActiveCfg = Debug|Win32
		{002EC290-9334-4495-B21F-ABB0CFAD45D0}.Debug|x86.Build.0 = Debug|Win32
		{002EC290-9334-4495-B21F-ABB0CFAD45D0}.Release|x64.ActiveCfg = Release|x64
		{002EC290-9334-4495-B21F-ABB0CFAD45D0}.Release|x64.Build.0 = Release|x64
		{002EC290-9334-4495-B21F-ABB0CFAD45D0}.Release|x86.ActiveCfg = Release|Win32
		{002EC290-9334-4495-B21F-ABB0CFAD45D0}.Release|x86.Build.0 = Release|Win32
		{17F358F6-6313-4F59-A437-49A4342B7141}.Debug|x64.ActiveCfg = Debug|x64
		{17F358F6-6313-4F59-A437-49A4342B7141}.Debug|x64.Build.0 = Debug|x64
		{17F358F6-6313-4F59-A437-49A4342B7141}.Debug|x86.ActiveCfg = Debug|Win32
		{17F358F6-6313-4F59-A437-49A4342B7141}.Debug|x86.Build.0 = Debug|Win32
		{17F358F6-6313-4F59-A437-49A4342B7141}.Release|x64.ActiveCfg = Release|x64
		{17F358F6-6313-4F59-A437-49A4342B7141}.Release|x64.Build.0 = Release|x64
		{17F358F6-6313-4F59-A437-49A4342B7141}.Release|x86.ActiveCfg = Release|Win32
		{17F358F6-6313-4F59-A437-49A4342B7141}.Release|x86.Build.0 = Release|Win32
	EndGlobalSection
	GlobalSection(SolutionProperties) = preSolution
		HideSolutionNode = FALSE
	EndGlobalSection
EndGlobal
